
Microsoft Visual Studio Solution File, Format Version 12.00
# Visual Studio 15
VisualStudioVersion = 15.0.27130.2027
MinimumVisualStudioVersion = 10.0.40219.1
Project("{FAE04EC0-301F-11D3-BF4B-00C04F79EFBC}") = "DemoMasterDetailPage.Android", "DemoMasterDetailPage\DemoMasterDetailPage.Android\DemoMasterDetailPage.Android.csproj", "{116649B9-3AB4-4B38-8FB5-911737FD01FE}"
EndProject
Project("{FAE04EC0-301F-11D3-BF4B-00C04F79EFBC}") = "DemoMasterDetailPage.iOS", "DemoMasterDetailPage\DemoMasterDetailPage.iOS\DemoMasterDetailPage.iOS.csproj", "{6726F919-5696-4FFE-A4FA-59BEDA767A4A}"
EndProject
Project("{FAE04EC0-301F-11D3-BF4B-00C04F79EFBC}") = "DemoMasterDetailPage", "DemoMasterDetailPage\DemoMasterDetailPage\DemoMasterDetailPage.csproj", "{0FF29E7E-5EE7-4922-994A-5497D57B48B0}"
EndProject
Global
	GlobalSection(SolutionConfigurationPlatforms) = preSolution
		Ad-Hoc|Any CPU = Ad-Hoc|Any CPU
		Ad-Hoc|iPhone = Ad-Hoc|iPhone
		Ad-Hoc|iPhoneSimulator = Ad-Hoc|iPhoneSimulator
		AppStore|Any CPU = AppStore|Any CPU
		AppStore|iPhone = AppStore|iPhone
		AppStore|iPhoneSimulator = AppStore|iPhoneSimulator
		Debug|Any CPU = Debug|Any CPU
		Debug|iPhone = Debug|iPhone
		Debug|iPhoneSimulator = Debug|iPhoneSimulator
		Release|Any CPU = Release|Any CPU
		Release|iPhone = Release|iPhone
		Release|iPhoneSimulator = Release|iPhoneSimulator
	EndGlobalSection
	GlobalSection(ProjectConfigurationPlatforms) = postSolution
		{116649B9-3AB4-4B38-8FB5-911737FD01FE}.Ad-Hoc|Any CPU.ActiveCfg = Release|Any CPU
		{116649B9-3AB4-4B38-8FB5-911737FD01FE}.Ad-Hoc|Any CPU.Build.0 = Release|Any CPU
		{116649B9-3AB4-4B38-8FB5-911737FD01FE}.Ad-Hoc|Any CPU.Deploy.0 = Release|Any CPU
		{116649B9-3AB4-4B38-8FB5-911737FD01FE}.Ad-Hoc|iPhone.ActiveCfg = Release|Any CPU
		{116649B9-3AB4-4B38-8FB5-911737FD01FE}.Ad-Hoc|iPhone.Build.0 = Release|Any CPU
		{116649B9-3AB4-4B38-8FB5-911737FD01FE}.Ad-Hoc|iPhone.Deploy.0 = Release|Any CPU
		{116649B9-3AB4-4B38-8FB5-911737FD01FE}.Ad-Hoc|iPhoneSimulator.ActiveCfg = Release|Any CPU
		{116649B9-3AB4-4B38-8FB5-911737FD01FE}.Ad-Hoc|iPhoneSimulator.Build.0 = Release|Any CPU
		{116649B9-3AB4-4B38-8FB5-911737FD01FE}.Ad-Hoc|iPhoneSimulator.Deploy.0 = Release|Any CPU
		{116649B9-3AB4-4B38-8FB5-911737FD01FE}.AppStore|Any CPU.ActiveCfg = Release|Any CPU
		{116649B9-3AB4-4B38-8FB5-911737FD01FE}.AppStore|Any CPU.Build.0 = Release|Any CPU
		{116649B9-3AB4-4B38-8FB5-911737FD01FE}.AppStore|Any CPU.Deploy.0 = Release|Any CPU
		{116649B9-3AB4-4B38-8FB5-911737FD01FE}.AppStore|iPhone.ActiveCfg = Release|Any CPU
		{116649B9-3AB4-4B38-8FB5-911737FD01FE}.AppStore|iPhone.Build.0 = Release|Any CPU
		{116649B9-3AB4-4B38-8FB5-911737FD01FE}.AppStore|iPhone.Deploy.0 = Release|Any CPU
		{116649B9-3AB4-4B38-8FB5-911737FD01FE}.AppStore|iPhoneSimulator.ActiveCfg = Release|Any CPU
		{116649B9-3AB4-4B38-8FB5-911737FD01FE}.AppStore|iPhoneSimulator.Build.0 = Release|Any CPU
		{116649B9-3AB4-4B38-8FB5-911737FD01FE}.AppStore|iPhoneSimulator.Deploy.0 = Release|Any CPU
		{116649B9-3AB4-4B38-8FB5-911737FD01FE}.Debug|Any CPU.ActiveCfg = Debug|Any CPU
		{116649B9-3AB4-4B38-8FB5-911737FD01FE}.Debug|Any CPU.Build.0 = Debug|Any CPU
		{116649B9-3AB4-4B38-8FB5-911737FD01FE}.Debug|Any CPU.Deploy.0 = Debug|Any CPU
		{116649B9-3AB4-4B38-8FB5-911737FD01FE}.Debug|iPhone.ActiveCfg = Debug|Any CPU
		{116649B9-3AB4-4B38-8FB5-911737FD01FE}.Debug|iPhone.Build.0 = Debug|Any CPU
		{116649B9-3AB4-4B38-8FB5-911737FD01FE}.Debug|iPhone.Deploy.0 = Debug|Any CPU
		{116649B9-3AB4-4B38-8FB5-911737FD01FE}.Debug|iPhoneSimulator.ActiveCfg = Debug|Any CPU
		{116649B9-3AB4-4B38-8FB5-911737FD01FE}.Debug|iPhoneSimulator.Build.0 = Debug|Any CPU
		{116649B9-3AB4-4B38-8FB5-911737FD01FE}.Debug|iPhoneSimulator.Deploy.0 = Debug|Any CPU
		{116649B9-3AB4-4B38-8FB5-911737FD01FE}.Release|Any CPU.ActiveCfg = Release|Any CPU
		{116649B9-3AB4-4B38-8FB5-911737FD01FE}.Release|Any CPU.Build.0 = Release|Any CPU
		{116649B9-3AB4-4B38-8FB5-911737FD01FE}.Release|Any CPU.Deploy.0 = Release|Any CPU
		{116649B9-3AB4-4B38-8FB5-911737FD01FE}.Release|iPhone.ActiveCfg = Release|Any CPU
		{116649B9-3AB4-4B38-8FB5-911737FD01FE}.Release|iPhone.Build.0 = Release|Any CPU
		{116649B9-3AB4-4B38-8FB5-911737FD01FE}.Release|iPhone.Deploy.0 = Release|Any CPU
		{116649B9-3AB4-4B38-8FB5-911737FD01FE}.Release|iPhoneSimulator.ActiveCfg = Release|Any CPU
		{116649B9-3AB4-4B38-8FB5-911737FD01FE}.Release|iPhoneSimulator.Build.0 = Release|Any CPU
		{116649B9-3AB4-4B38-8FB5-911737FD01FE}.Release|iPhoneSimulator.Deploy.0 = Release|Any CPU
		{6726F919-5696-4FFE-A4FA-59BEDA767A4A}.Ad-Hoc|Any CPU.ActiveCfg = Ad-Hoc|iPhone
		{6726F919-5696-4FFE-A4FA-59BEDA767A4A}.Ad-Hoc|iPhone.ActiveCfg = Ad-Hoc|iPhone
		{6726F919-5696-4FFE-A4FA-59BEDA767A4A}.Ad-Hoc|iPhone.Build.0 = Ad-Hoc|iPhone
		{6726F919-5696-4FFE-A4FA-59BEDA767A4A}.Ad-Hoc|iPhoneSimulator.ActiveCfg = Ad-Hoc|iPhoneSimulator
		{6726F919-5696-4FFE-A4FA-59BEDA767A4A}.Ad-Hoc|iPhoneSimulator.Build.0 = Ad-Hoc|iPhoneSimulator
		{6726F919-5696-4FFE-A4FA-59BEDA767A4A}.AppStore|Any CPU.ActiveCfg = AppStore|iPhone
		{6726F919-5696-4FFE-A4FA-59BEDA767A4A}.AppStore|iPhone.ActiveCfg = AppStore|iPhone
		{6726F919-5696-4FFE-A4FA-59BEDA767A4A}.AppStore|iPhone.Build.0 = AppStore|iPhone
		{6726F919-5696-4FFE-A4FA-59BEDA767A4A}.AppStore|iPhoneSimulator.ActiveCfg = AppStore|iPhoneSimulator
		{6726F919-5696-4FFE-A4FA-59BEDA767A4A}.AppStore|iPhoneSimulator.Build.0 = AppStore|iPhoneSimulator
		{6726F919-5696-4FFE-A4FA-59BEDA767A4A}.Debug|Any CPU.ActiveCfg = Debug|iPhone
		{6726F919-5696-4FFE-A4FA-59BEDA767A4A}.Debug|iPhone.ActiveCfg = Debug|iPhone
		{6726F919-5696-4FFE-A4FA-59BEDA767A4A}.Debug|iPhone.Build.0 = Debug|iPhone
		{6726F919-5696-4FFE-A4FA-59BEDA767A4A}.Debug|iPhoneSimulator.ActiveCfg = Debug|iPhoneSimulator
		{6726F919-5696-4FFE-A4FA-59BEDA767A4A}.Debug|iPhoneSimulator.Build.0 = Debug|iPhoneSimulator
		{6726F919-5696-4FFE-A4FA-59BEDA767A4A}.Release|Any CPU.ActiveCfg = Release|iPhone
		{6726F919-5696-4FFE-A4FA-59BEDA767A4A}.Release|iPhone.ActiveCfg = Release|iPhone
		{6726F919-5696-4FFE-A4FA-59BEDA767A4A}.Release|iPhone.Build.0 = Release|iPhone
		{6726F919-5696-4FFE-A4FA-59BEDA767A4A}.Release|iPhoneSimulator.ActiveCfg = Release|iPhoneSimulator
		{6726F919-5696-4FFE-A4FA-59BEDA767A4A}.Release|iPhoneSimulator.Build.0 = Release|iPhoneSimulator
		{0FF29E7E-5EE7-4922-994A-5497D57B48B0}.Ad-Hoc|Any CPU.ActiveCfg = Debug|Any CPU
		{0FF29E7E-5EE7-4922-994A-5497D57B48B0}.Ad-Hoc|Any CPU.Build.0 = Debug|Any CPU
		{0FF29E7E-5EE7-4922-994A-5497D57B48B0}.Ad-Hoc|iPhone.ActiveCfg = Debug|Any CPU
		{0FF29E7E-5EE7-4922-994A-5497D57B48B0}.Ad-Hoc|iPhone.Build.0 = Debug|Any CPU
		{0FF29E7E-5EE7-4922-994A-5497D57B48B0}.Ad-Hoc|iPhoneSimulator.ActiveCfg = Debug|Any CPU
		{0FF29E7E-5EE7-4922-994A-5497D57B48B0}.Ad-Hoc|iPhoneSimulator.Build.0 = Debug|Any CPU
		{0FF29E7E-5EE7-4922-994A-5497D57B48B0}.AppStore|Any CPU.ActiveCfg = Debug|Any CPU
		{0FF29E7E-5EE7-4922-994A-5497D57B48B0}.AppStore|Any CPU.Build.0 = Debug|Any CPU
		{0FF29E7E-5EE7-4922-994A-5497D57B48B0}.AppStore|iPhone.ActiveCfg = Debug|Any CPU
		{0FF29E7E-5EE7-4922-994A-5497D57B48B0}.AppStore|iPhone.Build.0 = Debug|Any CPU
		{0FF29E7E-5EE7-4922-994A-5497D57B48B0}.AppStore|iPhoneSimulator.ActiveCfg = Debug|Any CPU
		{0FF29E7E-5EE7-4922-994A-5497D57B48B0}.AppStore|iPhoneSimulator.Build.0 = Debug|Any CPU
		{0FF29E7E-5EE7-4922-994A-5497D57B48B0}.Debug|Any CPU.ActiveCfg = Debug|Any CPU
		{0FF29E7E-5EE7-4922-994A-5497D57B48B0}.Debug|Any CPU.Build.0 = Debug|Any CPU
		{0FF29E7E-5EE7-4922-994A-5497D57B48B0}.Debug|iPhone.ActiveCfg = Debug|Any CPU
		{0FF29E7E-5EE7-4922-994A-5497D57B48B0}.Debug|iPhone.Build.0 = Debug|Any CPU
		{0FF29E7E-5EE7-4922-994A-5497D57B48B0}.Debug|iPhoneSimulator.ActiveCfg = Debug|Any CPU
		{0FF29E7E-5EE7-4922-994A-5497D57B48B0}.Debug|iPhoneSimulator.Build.0 = Debug|Any CPU
		{0FF29E7E-5EE7-4922-994A-5497D57B48B0}.Release|Any CPU.ActiveCfg = Release|Any CPU
		{0FF29E7E-5EE7-4922-994A-5497D57B48B0}.Release|Any CPU.Build.0 = Release|Any CPU
		{0FF29E7E-5EE7-4922-994A-5497D57B48B0}.Release|iPhone.ActiveCfg = Release|Any CPU
		{0FF29E7E-5EE7-4922-994A-5497D57B48B0}.Release|iPhone.Build.0 = Release|Any CPU
		{0FF29E7E-5EE7-4922-994A-5497D57B48B0}.Release|iPhoneSimulator.ActiveCfg = Release|Any CPU
		{0FF29E7E-5EE7-4922-994A-5497D57B48B0}.Release|iPhoneSimulator.Build.0 = Release|Any CPU
	EndGlobalSection
	GlobalSection(SolutionProperties) = preSolution
		HideSolutionNode = FALSE
	EndGlobalSection
	GlobalSection(ExtensibilityGlobals) = postSolution
		SolutionGuid = {F8A551F6-140F-412D-9F14-A4B0959440AA}
	EndGlobalSection
EndGlobal
